# THIS IS AN AUTOGENERATED FILE. DO NOT EDIT THIS FILE DIRECTLY.
# yarn lockfile v1


"@aws-crypto/sha256-browser@5.2.0":
  version "5.2.0"
  resolved "https://registry.npmjs.org/@aws-crypto/sha256-browser/-/sha256-browser-5.2.0.tgz"
  integrity sha512-AXfN/lGotSQwu6HNcEsIASo7kWXZ5HYWvfOmSNKDsEqC4OashTp8alTmaz+F7TC2L083SFv5RdB+qU3Vs1kZqw==
  dependencies:
    "@aws-crypto/sha256-js" "^5.2.0"
    "@aws-crypto/supports-web-crypto" "^5.2.0"
    "@aws-crypto/util" "^5.2.0"
    "@aws-sdk/types" "^3.222.0"
    "@aws-sdk/util-locate-window" "^3.0.0"
    "@smithy/util-utf8" "^2.0.0"
    tslib "^2.6.2"

"@aws-crypto/sha256-js@5.2.0", "@aws-crypto/sha256-js@^5.2.0":
  version "5.2.0"
  resolved "https://registry.npmjs.org/@aws-crypto/sha256-js/-/sha256-js-5.2.0.tgz"
  integrity sha512-FFQQyu7edu4ufvIZ+OadFpHHOt+eSTBaYaki44c+akjg7qZg9oOQeLlk77F6tSYqjDAFClrHJk9tMf0HdVyOvA==
  dependencies:
    "@aws-crypto/util" "^5.2.0"
    "@aws-sdk/types" "^3.222.0"
    tslib "^2.6.2"

"@aws-crypto/supports-web-crypto@^5.2.0":
  version "5.2.0"
  resolved "https://registry.npmjs.org/@aws-crypto/supports-web-crypto/-/supports-web-crypto-5.2.0.tgz"
  integrity sha512-iAvUotm021kM33eCdNfwIN//F77/IADDSs58i+MDaOqFrVjZo9bAal0NK7HurRuWLLpF1iLX7gbWrjHjeo+YFg==
  dependencies:
    tslib "^2.6.2"

"@aws-crypto/util@^5.2.0":
  version "5.2.0"
  resolved "https://registry.npmjs.org/@aws-crypto/util/-/util-5.2.0.tgz"
  integrity sha512-4RkU9EsI6ZpBve5fseQlGNUWKMa1RLPQ1dnjnQoe07ldfIzcsGb5hC5W0Dm7u423KWzawlrpbjXBrXCEv9zazQ==
  dependencies:
    "@aws-sdk/types" "^3.222.0"
    "@smithy/util-utf8" "^2.0.0"
    tslib "^2.6.2"

"@aws-sdk/client-sesv2@^3.839.0":
  version "3.882.0"
  resolved "https://registry.npmjs.org/@aws-sdk/client-sesv2/-/client-sesv2-3.882.0.tgz"
  integrity sha512-EUCYfXxTW1NVFCJQazoATK/aJ1Su7cozsU4kLAa3DZrW+ogUtemA4v66hsQlOwH0wKtg3FNJSTWMV8TIz1zBCQ==
  dependencies:
    "@aws-crypto/sha256-browser" "5.2.0"
    "@aws-crypto/sha256-js" "5.2.0"
    "@aws-sdk/core" "3.882.0"
    "@aws-sdk/credential-provider-node" "3.882.0"
    "@aws-sdk/middleware-host-header" "3.873.0"
    "@aws-sdk/middleware-logger" "3.876.0"
    "@aws-sdk/middleware-recursion-detection" "3.873.0"
    "@aws-sdk/middleware-user-agent" "3.882.0"
    "@aws-sdk/region-config-resolver" "3.873.0"
    "@aws-sdk/signature-v4-multi-region" "3.882.0"
    "@aws-sdk/types" "3.862.0"
    "@aws-sdk/util-endpoints" "3.879.0"
    "@aws-sdk/util-user-agent-browser" "3.873.0"
    "@aws-sdk/util-user-agent-node" "3.882.0"
    "@smithy/config-resolver" "^4.1.5"
    "@smithy/core" "^3.9.2"
    "@smithy/fetch-http-handler" "^5.1.1"
    "@smithy/hash-node" "^4.0.5"
    "@smithy/invalid-dependency" "^4.0.5"
    "@smithy/middleware-content-length" "^4.0.5"
    "@smithy/middleware-endpoint" "^4.1.21"
    "@smithy/middleware-retry" "^4.1.22"
    "@smithy/middleware-serde" "^4.0.9"
    "@smithy/middleware-stack" "^4.0.5"
    "@smithy/node-config-provider" "^4.1.4"
    "@smithy/node-http-handler" "^4.1.1"
    "@smithy/protocol-http" "^5.1.3"
    "@smithy/smithy-client" "^4.5.2"
    "@smithy/types" "^4.3.2"
    "@smithy/url-parser" "^4.0.5"
    "@smithy/util-base64" "^4.0.0"
    "@smithy/util-body-length-browser" "^4.0.0"
    "@smithy/util-body-length-node" "^4.0.0"
    "@smithy/util-defaults-mode-browser" "^4.0.29"
    "@smithy/util-defaults-mode-node" "^4.0.29"
    "@smithy/util-endpoints" "^3.0.7"
    "@smithy/util-middleware" "^4.0.5"
    "@smithy/util-retry" "^4.0.7"
    "@smithy/util-utf8" "^4.0.0"
    tslib "^2.6.2"

"@aws-sdk/client-sso@3.882.0":
  version "3.882.0"
  resolved "https://registry.npmjs.org/@aws-sdk/client-sso/-/client-sso-3.882.0.tgz"
  integrity sha512-JFWJB+2PZvygDuqb4iWKCro1Tl5L4tGBXMHe94jYMYnfajYGm58bW3RsPj3cKD2+TvIMUSXmNriNv+LbDKZmNw==
  dependencies:
    "@aws-crypto/sha256-browser" "5.2.0"
    "@aws-crypto/sha256-js" "5.2.0"
    "@aws-sdk/core" "3.882.0"
    "@aws-sdk/middleware-host-header" "3.873.0"
    "@aws-sdk/middleware-logger" "3.876.0"
    "@aws-sdk/middleware-recursion-detection" "3.873.0"
    "@aws-sdk/middleware-user-agent" "3.882.0"
    "@aws-sdk/region-config-resolver" "3.873.0"
    "@aws-sdk/types" "3.862.0"
    "@aws-sdk/util-endpoints" "3.879.0"
    "@aws-sdk/util-user-agent-browser" "3.873.0"
    "@aws-sdk/util-user-agent-node" "3.882.0"
    "@smithy/config-resolver" "^4.1.5"
    "@smithy/core" "^3.9.2"
    "@smithy/fetch-http-handler" "^5.1.1"
    "@smithy/hash-node" "^4.0.5"
    "@smithy/invalid-dependency" "^4.0.5"
    "@smithy/middleware-content-length" "^4.0.5"
    "@smithy/middleware-endpoint" "^4.1.21"
    "@smithy/middleware-retry" "^4.1.22"
    "@smithy/middleware-serde" "^4.0.9"
    "@smithy/middleware-stack" "^4.0.5"
    "@smithy/node-config-provider" "^4.1.4"
    "@smithy/node-http-handler" "^4.1.1"
    "@smithy/protocol-http" "^5.1.3"
    "@smithy/smithy-client" "^4.5.2"
    "@smithy/types" "^4.3.2"
    "@smithy/url-parser" "^4.0.5"
    "@smithy/util-base64" "^4.0.0"
    "@smithy/util-body-length-browser" "^4.0.0"
    "@smithy/util-body-length-node" "^4.0.0"
    "@smithy/util-defaults-mode-browser" "^4.0.29"
    "@smithy/util-defaults-mode-node" "^4.0.29"
    "@smithy/util-endpoints" "^3.0.7"
    "@smithy/util-middleware" "^4.0.5"
    "@smithy/util-retry" "^4.0.7"
    "@smithy/util-utf8" "^4.0.0"
    tslib "^2.6.2"

"@aws-sdk/core@3.882.0":
  version "3.882.0"
  resolved "https://registry.npmjs.org/@aws-sdk/core/-/core-3.882.0.tgz"
  integrity sha512-m43/gEDbxqxLT/Mbn/OA21TuFpyocOUzjiSA2HBnLQ3KivA4ez0nsW91vh0Sp3TOfLgiZbRbVhmI6XfsFinwBg==
  dependencies:
    "@aws-sdk/types" "3.862.0"
    "@aws-sdk/xml-builder" "3.873.0"
    "@smithy/core" "^3.9.2"
    "@smithy/node-config-provider" "^4.1.4"
    "@smithy/property-provider" "^4.0.5"
    "@smithy/protocol-http" "^5.1.3"
    "@smithy/signature-v4" "^5.1.3"
    "@smithy/smithy-client" "^4.5.2"
    "@smithy/types" "^4.3.2"
    "@smithy/util-base64" "^4.0.0"
    "@smithy/util-body-length-browser" "^4.0.0"
    "@smithy/util-middleware" "^4.0.5"
    "@smithy/util-utf8" "^4.0.0"
    fast-xml-parser "5.2.5"
    tslib "^2.6.2"

"@aws-sdk/credential-provider-env@3.882.0":
  version "3.882.0"
  resolved "https://registry.npmjs.org/@aws-sdk/credential-provider-env/-/credential-provider-env-3.882.0.tgz"
  integrity sha512-khhE1k+4XvGm8Mk6vVUbrVvEnx3r8E6dymSKSiAKf0lwsnKWAWd1RLGwLusqVgtGR4Jfsrbg7ox9MczIjgCiTg==
  dependencies:
    "@aws-sdk/core" "3.882.0"
    "@aws-sdk/types" "3.862.0"
    "@smithy/property-provider" "^4.0.5"
    "@smithy/types" "^4.3.2"
    tslib "^2.6.2"

"@aws-sdk/credential-provider-http@3.882.0":
  version "3.882.0"
  resolved "https://registry.npmjs.org/@aws-sdk/credential-provider-http/-/credential-provider-http-3.882.0.tgz"
  integrity sha512-j3mBF+Q6RU3u8t5O1KOWbQQCi0WNSl47sNIa1RvyN6qK1WIA8BxM1hB25mI9TMPrNZMFthljVec+JcNjRNG34A==
  dependencies:
    "@aws-sdk/core" "3.882.0"
    "@aws-sdk/types" "3.862.0"
    "@smithy/fetch-http-handler" "^5.1.1"
    "@smithy/node-http-handler" "^4.1.1"
    "@smithy/property-provider" "^4.0.5"
    "@smithy/protocol-http" "^5.1.3"
    "@smithy/smithy-client" "^4.5.2"
    "@smithy/types" "^4.3.2"
    "@smithy/util-stream" "^4.2.4"
    tslib "^2.6.2"

"@aws-sdk/credential-provider-ini@3.882.0":
  version "3.882.0"
  resolved "https://registry.npmjs.org/@aws-sdk/credential-provider-ini/-/credential-provider-ini-3.882.0.tgz"
  integrity sha512-nUacsSYKyTUmv/Fqe0efihCRCabea5MZtGSZF0l2V8QBo39yJjw0wVmRK6G4bfm5lY7v2EVVIUCpiTvxRRUbHg==
  dependencies:
    "@aws-sdk/core" "3.882.0"
    "@aws-sdk/credential-provider-env" "3.882.0"
    "@aws-sdk/credential-provider-http" "3.882.0"
    "@aws-sdk/credential-provider-process" "3.882.0"
    "@aws-sdk/credential-provider-sso" "3.882.0"
    "@aws-sdk/credential-provider-web-identity" "3.882.0"
    "@aws-sdk/nested-clients" "3.882.0"
    "@aws-sdk/types" "3.862.0"
    "@smithy/credential-provider-imds" "^4.0.7"
    "@smithy/property-provider" "^4.0.5"
    "@smithy/shared-ini-file-loader" "^4.0.5"
    "@smithy/types" "^4.3.2"
    tslib "^2.6.2"

"@aws-sdk/credential-provider-node@3.882.0":
  version "3.882.0"
  resolved "https://registry.npmjs.org/@aws-sdk/credential-provider-node/-/credential-provider-node-3.882.0.tgz"
  integrity sha512-sELdV+leCfY+Bw8NQo3H65oIT+9thqZU0RWyv85EfZVvKEwWDt4McA7+Co1VkH+nCY21s5jz4SOqIrYuT0cSQg==
  dependencies:
    "@aws-sdk/credential-provider-env" "3.882.0"
    "@aws-sdk/credential-provider-http" "3.882.0"
    "@aws-sdk/credential-provider-ini" "3.882.0"
    "@aws-sdk/credential-provider-process" "3.882.0"
    "@aws-sdk/credential-provider-sso" "3.882.0"
    "@aws-sdk/credential-provider-web-identity" "3.882.0"
    "@aws-sdk/types" "3.862.0"
    "@smithy/credential-provider-imds" "^4.0.7"
    "@smithy/property-provider" "^4.0.5"
    "@smithy/shared-ini-file-loader" "^4.0.5"
    "@smithy/types" "^4.3.2"
    tslib "^2.6.2"

"@aws-sdk/credential-provider-process@3.882.0":
  version "3.882.0"
  resolved "https://registry.npmjs.org/@aws-sdk/credential-provider-process/-/credential-provider-process-3.882.0.tgz"
  integrity sha512-S3BgGcaR+L7CQAQn3Ysy9KSnck7+hDicAGM/dYvvJ8GwZNIOc0542Y+ntpV1UYa7OuZPWzGy2v2NcJSCbYDXEA==
  dependencies:
    "@aws-sdk/core" "3.882.0"
    "@aws-sdk/types" "3.862.0"
    "@smithy/property-provider" "^4.0.5"
    "@smithy/shared-ini-file-loader" "^4.0.5"
    "@smithy/types" "^4.3.2"
    tslib "^2.6.2"

"@aws-sdk/credential-provider-sso@3.882.0":
  version "3.882.0"
  resolved "https://registry.npmjs.org/@aws-sdk/credential-provider-sso/-/credential-provider-sso-3.882.0.tgz"
  integrity sha512-1pZRTKiDl6Oh/jP75lEoSkJrer1YEm8lMconB8dX9bsaWbp9cZeMJMK6pts5VQcveeOLr/8/U9TESboPjHBcyA==
  dependencies:
    "@aws-sdk/client-sso" "3.882.0"
    "@aws-sdk/core" "3.882.0"
    "@aws-sdk/token-providers" "3.882.0"
    "@aws-sdk/types" "3.862.0"
    "@smithy/property-provider" "^4.0.5"
    "@smithy/shared-ini-file-loader" "^4.0.5"
    "@smithy/types" "^4.3.2"
    tslib "^2.6.2"

"@aws-sdk/credential-provider-web-identity@3.882.0":
  version "3.882.0"
  resolved "https://registry.npmjs.org/@aws-sdk/credential-provider-web-identity/-/credential-provider-web-identity-3.882.0.tgz"
  integrity sha512-EvpsD0Vcz5WgXjpC53KAQ2CkeUp0KwwiV6brgQTXl+9yV/M8M0aK5Qk5ep/MPbAn5gtbqXHaCkiExaN4YYOhCg==
  dependencies:
    "@aws-sdk/core" "3.882.0"
    "@aws-sdk/nested-clients" "3.882.0"
    "@aws-sdk/types" "3.862.0"
    "@smithy/property-provider" "^4.0.5"
    "@smithy/types" "^4.3.2"
    tslib "^2.6.2"

"@aws-sdk/middleware-host-header@3.873.0":
  version "3.873.0"
  resolved "https://registry.npmjs.org/@aws-sdk/middleware-host-header/-/middleware-host-header-3.873.0.tgz"
  integrity sha512-KZ/W1uruWtMOs7D5j3KquOxzCnV79KQW9MjJFZM/M0l6KI8J6V3718MXxFHsTjUE4fpdV6SeCNLV1lwGygsjJA==
  dependencies:
    "@aws-sdk/types" "3.862.0"
    "@smithy/protocol-http" "^5.1.3"
    "@smithy/types" "^4.3.2"
    tslib "^2.6.2"

"@aws-sdk/middleware-logger@3.876.0":
  version "3.876.0"
  resolved "https://registry.npmjs.org/@aws-sdk/middleware-logger/-/middleware-logger-3.876.0.tgz"
  integrity sha512-cpWJhOuMSyz9oV25Z/CMHCBTgafDCbv7fHR80nlRrPdPZ8ETNsahwRgltXP1QJJ8r3X/c1kwpOR7tc+RabVzNA==
  dependencies:
    "@aws-sdk/types" "3.862.0"
    "@smithy/types" "^4.3.2"
    tslib "^2.6.2"

"@aws-sdk/middleware-recursion-detection@3.873.0":
  version "3.873.0"
  resolved "https://registry.npmjs.org/@aws-sdk/middleware-recursion-detection/-/middleware-recursion-detection-3.873.0.tgz"
  integrity sha512-OtgY8EXOzRdEWR//WfPkA/fXl0+WwE8hq0y9iw2caNyKPtca85dzrrZWnPqyBK/cpImosrpR1iKMYr41XshsCg==
  dependencies:
    "@aws-sdk/types" "3.862.0"
    "@smithy/protocol-http" "^5.1.3"
    "@smithy/types" "^4.3.2"
    tslib "^2.6.2"

"@aws-sdk/middleware-sdk-s3@3.882.0":
  version "3.882.0"
  resolved "https://registry.npmjs.org/@aws-sdk/middleware-sdk-s3/-/middleware-sdk-s3-3.882.0.tgz"
  integrity sha512-j5Ya7RKSQSKkpcLsO+Rh272zKD63JYkLKY/N8m5MVNWQafMdUbkZi7nwwjq7s5t7r3Pmz7a4gLf4n6ZEL5eaow==
  dependencies:
    "@aws-sdk/core" "3.882.0"
    "@aws-sdk/types" "3.862.0"
    "@aws-sdk/util-arn-parser" "3.873.0"
    "@smithy/core" "^3.9.2"
    "@smithy/node-config-provider" "^4.1.4"
    "@smithy/protocol-http" "^5.1.3"
    "@smithy/signature-v4" "^5.1.3"
    "@smithy/smithy-client" "^4.5.2"
    "@smithy/types" "^4.3.2"
    "@smithy/util-config-provider" "^4.0.0"
    "@smithy/util-middleware" "^4.0.5"
    "@smithy/util-stream" "^4.2.4"
    "@smithy/util-utf8" "^4.0.0"
    tslib "^2.6.2"

"@aws-sdk/middleware-user-agent@3.882.0":
  version "3.882.0"
  resolved "https://registry.npmjs.org/@aws-sdk/middleware-user-agent/-/middleware-user-agent-3.882.0.tgz"
  integrity sha512-IdLVpV2b0qryxFb/gNPwZoayLUdgmb41fWpLiIf99pyNwR7TGs/9Ri2amS3PnaQHuES947xYSYZ9Ej0kBgjHKg==
  dependencies:
    "@aws-sdk/core" "3.882.0"
    "@aws-sdk/types" "3.862.0"
    "@aws-sdk/util-endpoints" "3.879.0"
    "@smithy/core" "^3.9.2"
    "@smithy/protocol-http" "^5.1.3"
    "@smithy/types" "^4.3.2"
    tslib "^2.6.2"

"@aws-sdk/nested-clients@3.882.0":
  version "3.882.0"
  resolved "https://registry.npmjs.org/@aws-sdk/nested-clients/-/nested-clients-3.882.0.tgz"
  integrity sha512-IQkOtl/DhLV5+tJI7ZwjBDJO1lIoYOcmNQzcg8ly9RTdMoTcEtklevxmAwWB4DEFiIctUk2OSjHqhfWjeYredA==
  dependencies:
    "@aws-crypto/sha256-browser" "5.2.0"
    "@aws-crypto/sha256-js" "5.2.0"
    "@aws-sdk/core" "3.882.0"
    "@aws-sdk/middleware-host-header" "3.873.0"
    "@aws-sdk/middleware-logger" "3.876.0"
    "@aws-sdk/middleware-recursion-detection" "3.873.0"
    "@aws-sdk/middleware-user-agent" "3.882.0"
    "@aws-sdk/region-config-resolver" "3.873.0"
    "@aws-sdk/types" "3.862.0"
    "@aws-sdk/util-endpoints" "3.879.0"
    "@aws-sdk/util-user-agent-browser" "3.873.0"
    "@aws-sdk/util-user-agent-node" "3.882.0"
    "@smithy/config-resolver" "^4.1.5"
    "@smithy/core" "^3.9.2"
    "@smithy/fetch-http-handler" "^5.1.1"
    "@smithy/hash-node" "^4.0.5"
    "@smithy/invalid-dependency" "^4.0.5"
    "@smithy/middleware-content-length" "^4.0.5"
    "@smithy/middleware-endpoint" "^4.1.21"
    "@smithy/middleware-retry" "^4.1.22"
    "@smithy/middleware-serde" "^4.0.9"
    "@smithy/middleware-stack" "^4.0.5"
    "@smithy/node-config-provider" "^4.1.4"
    "@smithy/node-http-handler" "^4.1.1"
    "@smithy/protocol-http" "^5.1.3"
    "@smithy/smithy-client" "^4.5.2"
    "@smithy/types" "^4.3.2"
    "@smithy/url-parser" "^4.0.5"
    "@smithy/util-base64" "^4.0.0"
    "@smithy/util-body-length-browser" "^4.0.0"
    "@smithy/util-body-length-node" "^4.0.0"
    "@smithy/util-defaults-mode-browser" "^4.0.29"
    "@smithy/util-defaults-mode-node" "^4.0.29"
    "@smithy/util-endpoints" "^3.0.7"
    "@smithy/util-middleware" "^4.0.5"
    "@smithy/util-retry" "^4.0.7"
    "@smithy/util-utf8" "^4.0.0"
    tslib "^2.6.2"

"@aws-sdk/region-config-resolver@3.873.0":
  version "3.873.0"
  resolved "https://registry.npmjs.org/@aws-sdk/region-config-resolver/-/region-config-resolver-3.873.0.tgz"
  integrity sha512-q9sPoef+BBG6PJnc4x60vK/bfVwvRWsPgcoQyIra057S/QGjq5VkjvNk6H8xedf6vnKlXNBwq9BaANBXnldUJg==
  dependencies:
    "@aws-sdk/types" "3.862.0"
    "@smithy/node-config-provider" "^4.1.4"
    "@smithy/types" "^4.3.2"
    "@smithy/util-config-provider" "^4.0.0"
    "@smithy/util-middleware" "^4.0.5"
    tslib "^2.6.2"

"@aws-sdk/signature-v4-multi-region@3.882.0":
  version "3.882.0"
  resolved "https://registry.npmjs.org/@aws-sdk/signature-v4-multi-region/-/signature-v4-multi-region-3.882.0.tgz"
  integrity sha512-hAmA9BgL3nIRTGoOGjMXMqVtPhtPFKBFaqhgQkgmkzpbZ6aaGecNIqBfGxi9oezR4dnvI+PvKoRo2F8csF7fMA==
  dependencies:
    "@aws-sdk/middleware-sdk-s3" "3.882.0"
    "@aws-sdk/types" "3.862.0"
    "@smithy/protocol-http" "^5.1.3"
    "@smithy/signature-v4" "^5.1.3"
    "@smithy/types" "^4.3.2"
    tslib "^2.6.2"

"@aws-sdk/token-providers@3.882.0":
  version "3.882.0"
  resolved "https://registry.npmjs.org/@aws-sdk/token-providers/-/token-providers-3.882.0.tgz"
  integrity sha512-/Z6F8Cc+QjBMEPh3ZXy7JM1vMZCS41+Nh9VgdUwvvdJTA7LRXSDBRDL3cQPa7bii9unZ8SqsIC+7Nlw1LKwwJA==
  dependencies:
    "@aws-sdk/core" "3.882.0"
    "@aws-sdk/nested-clients" "3.882.0"
    "@aws-sdk/types" "3.862.0"
    "@smithy/property-provider" "^4.0.5"
    "@smithy/shared-ini-file-loader" "^4.0.5"
    "@smithy/types" "^4.3.2"
    tslib "^2.6.2"

"@aws-sdk/types@3.862.0", "@aws-sdk/types@^3.222.0":
  version "3.862.0"
  resolved "https://registry.npmjs.org/@aws-sdk/types/-/types-3.862.0.tgz"
  integrity sha512-Bei+RL0cDxxV+lW2UezLbCYYNeJm6Nzee0TpW0FfyTRBhH9C1XQh4+x+IClriXvgBnRquTMMYsmJfvx8iyLKrg==
  dependencies:
    "@smithy/types" "^4.3.2"
    tslib "^2.6.2"

"@aws-sdk/util-arn-parser@3.873.0":
  version "3.873.0"
  resolved "https://registry.npmjs.org/@aws-sdk/util-arn-parser/-/util-arn-parser-3.873.0.tgz"
  integrity sha512-qag+VTqnJWDn8zTAXX4wiVioa0hZDQMtbZcGRERVnLar4/3/VIKBhxX2XibNQXFu1ufgcRn4YntT/XEPecFWcg==
  dependencies:
    tslib "^2.6.2"

"@aws-sdk/util-endpoints@3.879.0":
  version "3.879.0"
  resolved "https://registry.npmjs.org/@aws-sdk/util-endpoints/-/util-endpoints-3.879.0.tgz"
  integrity sha512-aVAJwGecYoEmbEFju3127TyJDF9qJsKDUUTRMDuS8tGn+QiWQFnfInmbt+el9GU1gEJupNTXV+E3e74y51fb7A==
  dependencies:
    "@aws-sdk/types" "3.862.0"
    "@smithy/types" "^4.3.2"
    "@smithy/url-parser" "^4.0.5"
    "@smithy/util-endpoints" "^3.0.7"
    tslib "^2.6.2"

"@aws-sdk/util-locate-window@^3.0.0":
  version "3.873.0"
  resolved "https://registry.npmjs.org/@aws-sdk/util-locate-window/-/util-locate-window-3.873.0.tgz"
  integrity sha512-xcVhZF6svjM5Rj89T1WzkjQmrTF6dpR2UvIHPMTnSZoNe6CixejPZ6f0JJ2kAhO8H+dUHwNBlsUgOTIKiK/Syg==
  dependencies:
    tslib "^2.6.2"

"@aws-sdk/util-user-agent-browser@3.873.0":
  version "3.873.0"
  resolved "https://registry.npmjs.org/@aws-sdk/util-user-agent-browser/-/util-user-agent-browser-3.873.0.tgz"
  integrity sha512-AcRdbK6o19yehEcywI43blIBhOCSo6UgyWcuOJX5CFF8k39xm1ILCjQlRRjchLAxWrm0lU0Q7XV90RiMMFMZtA==
  dependencies:
    "@aws-sdk/types" "3.862.0"
    "@smithy/types" "^4.3.2"
    bowser "^2.11.0"
    tslib "^2.6.2"

"@aws-sdk/util-user-agent-node@3.882.0":
  version "3.882.0"
  resolved "https://registry.npmjs.org/@aws-sdk/util-user-agent-node/-/util-user-agent-node-3.882.0.tgz"
  integrity sha512-7zPtGXeAs6UzKjrrSbMNiFMSLZ/2DWvJ26KBOasS3zQbL534yoNos4HUA3OOXSpKFBAIEcYWu6rzR4ptlvx50w==
  dependencies:
    "@aws-sdk/middleware-user-agent" "3.882.0"
    "@aws-sdk/types" "3.862.0"
    "@smithy/node-config-provider" "^4.1.4"
    "@smithy/types" "^4.3.2"
    tslib "^2.6.2"

"@aws-sdk/xml-builder@3.873.0":
  version "3.873.0"
  resolved "https://registry.npmjs.org/@aws-sdk/xml-builder/-/xml-builder-3.873.0.tgz"
  integrity sha512-kLO7k7cGJ6KaHiExSJWojZurF7SnGMDHXRuQunFnEoD0n1yB6Lqy/S/zHiQ7oJnBhPr9q0TW9qFkrsZb1Uc54w==
  dependencies:
    "@smithy/types" "^4.3.2"
    tslib "^2.6.2"

"@smithy/abort-controller@^4.1.0":
  version "4.1.0"
  resolved "https://registry.npmjs.org/@smithy/abort-controller/-/abort-controller-4.1.0.tgz"
  integrity sha512-wEhSYznxOmx7EdwK1tYEWJF5+/wmSFsff9BfTOn8oO/+KPl3gsmThrb6MJlWbOC391+Ya31s5JuHiC2RlT80Zg==
  dependencies:
    "@smithy/types" "^4.4.0"
    tslib "^2.6.2"

"@smithy/config-resolver@^4.1.5", "@smithy/config-resolver@^4.2.0":
  version "4.2.0"
  resolved "https://registry.npmjs.org/@smithy/config-resolver/-/config-resolver-4.2.0.tgz"
  integrity sha512-FA10YhPFLy23uxeWu7pOM2ctlw+gzbPMTZQwrZ8FRIfyJ/p8YIVz7AVTB5jjLD+QIerydyKcVMZur8qzzDILAQ==
  dependencies:
    "@smithy/node-config-provider" "^4.2.0"
    "@smithy/types" "^4.4.0"
    "@smithy/util-config-provider" "^4.1.0"
    "@smithy/util-middleware" "^4.1.0"
    tslib "^2.6.2"

"@smithy/core@^3.10.0", "@smithy/core@^3.9.2":
  version "3.10.0"
  resolved "https://registry.npmjs.org/@smithy/core/-/core-3.10.0.tgz"
  integrity sha512-bXyD3Ij6b1qDymEYlEcF+QIjwb9gObwZNaRjETJsUEvSIzxFdynSQ3E4ysY7lUFSBzeWBNaFvX+5A0smbC2q6A==
  dependencies:
    "@smithy/middleware-serde" "^4.1.0"
    "@smithy/protocol-http" "^5.2.0"
    "@smithy/types" "^4.4.0"
    "@smithy/util-base64" "^4.1.0"
    "@smithy/util-body-length-browser" "^4.1.0"
    "@smithy/util-middleware" "^4.1.0"
    "@smithy/util-stream" "^4.3.0"
    "@smithy/util-utf8" "^4.1.0"
    "@types/uuid" "^9.0.1"
    tslib "^2.6.2"
    uuid "^9.0.1"

"@smithy/credential-provider-imds@^4.0.7", "@smithy/credential-provider-imds@^4.1.0":
  version "4.1.0"
  resolved "https://registry.npmjs.org/@smithy/credential-provider-imds/-/credential-provider-imds-4.1.0.tgz"
  integrity sha512-iVwNhxTsCQTPdp++4C/d9xvaDmuEWhXi55qJobMp9QMaEHRGH3kErU4F8gohtdsawRqnUy/ANylCjKuhcR2mPw==
  dependencies:
    "@smithy/node-config-provider" "^4.2.0"
    "@smithy/property-provider" "^4.1.0"
    "@smithy/types" "^4.4.0"
    "@smithy/url-parser" "^4.1.0"
    tslib "^2.6.2"

"@smithy/fetch-http-handler@^5.1.1", "@smithy/fetch-http-handler@^5.2.0":
  version "5.2.0"
  resolved "https://registry.npmjs.org/@smithy/fetch-http-handler/-/fetch-http-handler-5.2.0.tgz"
  integrity sha512-VZenjDdVaUGiy3hwQtxm75nhXZrhFG+3xyL93qCQAlYDyhT/jeDWM8/3r5uCFMlTmmyrIjiDyiOynVFchb0BSg==
  dependencies:
    "@smithy/protocol-http" "^5.2.0"
    "@smithy/querystring-builder" "^4.1.0"
    "@smithy/types" "^4.4.0"
    "@smithy/util-base64" "^4.1.0"
    tslib "^2.6.2"

"@smithy/hash-node@^4.0.5":
  version "4.1.0"
  resolved "https://registry.npmjs.org/@smithy/hash-node/-/hash-node-4.1.0.tgz"
  integrity sha512-mXkJQ/6lAXTuoSsEH+d/fHa4ms4qV5LqYoPLYhmhCRTNcMMdg+4Ya8cMgU1W8+OR40eX0kzsExT7fAILqtTl2w==
  dependencies:
    "@smithy/types" "^4.4.0"
    "@smithy/util-buffer-from" "^4.1.0"
    "@smithy/util-utf8" "^4.1.0"
    tslib "^2.6.2"

"@smithy/invalid-dependency@^4.0.5":
  version "4.1.0"
  resolved "https://registry.npmjs.org/@smithy/invalid-dependency/-/invalid-dependency-4.1.0.tgz"
  integrity sha512-4/FcV6aCMzgpM4YyA/GRzTtG28G0RQJcWK722MmpIgzOyfSceWcI9T9c8matpHU9qYYLaWtk8pSGNCLn5kzDRw==
  dependencies:
    "@smithy/types" "^4.4.0"
    tslib "^2.6.2"

"@smithy/is-array-buffer@^2.2.0":
  version "2.2.0"
  resolved "https://registry.npmjs.org/@smithy/is-array-buffer/-/is-array-buffer-2.2.0.tgz"
  integrity sha512-GGP3O9QFD24uGeAXYUjwSTXARoqpZykHadOmA8G5vfJPK0/DC67qa//0qvqrJzL1xc8WQWX7/yc7fwudjPHPhA==
  dependencies:
    tslib "^2.6.2"

"@smithy/is-array-buffer@^4.1.0":
  version "4.1.0"
  resolved "https://registry.npmjs.org/@smithy/is-array-buffer/-/is-array-buffer-4.1.0.tgz"
  integrity sha512-ePTYUOV54wMogio+he4pBybe8fwg4sDvEVDBU8ZlHOZXbXK3/C0XfJgUCu6qAZcawv05ZhZzODGUerFBPsPUDQ==
  dependencies:
    tslib "^2.6.2"

"@smithy/middleware-content-length@^4.0.5":
  version "4.1.0"
  resolved "https://registry.npmjs.org/@smithy/middleware-content-length/-/middleware-content-length-4.1.0.tgz"
  integrity sha512-x3dgLFubk/ClKVniJu+ELeZGk4mq7Iv0HgCRUlxNUIcerHTLVmq7Q5eGJL0tOnUltY6KFw5YOKaYxwdcMwox/w==
  dependencies:
    "@smithy/protocol-http" "^5.2.0"
    "@smithy/types" "^4.4.0"
    tslib "^2.6.2"

"@smithy/middleware-endpoint@^4.1.21", "@smithy/middleware-endpoint@^4.2.0":
  version "4.2.0"
  resolved "https://registry.npmjs.org/@smithy/middleware-endpoint/-/middleware-endpoint-4.2.0.tgz"
  integrity sha512-J1eCF7pPDwgv7fGwRd2+Y+H9hlIolF3OZ2PjptonzzyOXXGh/1KGJAHpEcY1EX+WLlclKu2yC5k+9jWXdUG4YQ==
  dependencies:
    "@smithy/core" "^3.10.0"
    "@smithy/middleware-serde" "^4.1.0"
    "@smithy/node-config-provider" "^4.2.0"
    "@smithy/shared-ini-file-loader" "^4.1.0"
    "@smithy/types" "^4.4.0"
    "@smithy/url-parser" "^4.1.0"
    "@smithy/util-middleware" "^4.1.0"
    tslib "^2.6.2"

"@smithy/middleware-retry@^4.1.22":
  version "4.2.0"
  resolved "https://registry.npmjs.org/@smithy/middleware-retry/-/middleware-retry-4.2.0.tgz"
  integrity sha512-raL5oWYf5ALl3jCJrajE8enKJEnV/2wZkKS6mb3ZRY2tg3nj66ssdWy5Ps8E6Yu8Wqh3Tt+Sb9LozjvwZupq+A==
  dependencies:
    "@smithy/node-config-provider" "^4.2.0"
    "@smithy/protocol-http" "^5.2.0"
    "@smithy/service-error-classification" "^4.1.0"
    "@smithy/smithy-client" "^4.6.0"
    "@smithy/types" "^4.4.0"
    "@smithy/util-middleware" "^4.1.0"
    "@smithy/util-retry" "^4.1.0"
    "@types/uuid" "^9.0.1"
    tslib "^2.6.2"
    uuid "^9.0.1"

"@smithy/middleware-serde@^4.0.9", "@smithy/middleware-serde@^4.1.0":
  version "4.1.0"
  resolved "https://registry.npmjs.org/@smithy/middleware-serde/-/middleware-serde-4.1.0.tgz"
  integrity sha512-CtLFYlHt7c2VcztyVRc+25JLV4aGpmaSv9F1sPB0AGFL6S+RPythkqpGDa2XBQLJQooKkjLA1g7Xe4450knShg==
  dependencies:
    "@smithy/protocol-http" "^5.2.0"
    "@smithy/types" "^4.4.0"
    tslib "^2.6.2"

"@smithy/middleware-stack@^4.0.5", "@smithy/middleware-stack@^4.1.0":
  version "4.1.0"
  resolved "https://registry.npmjs.org/@smithy/middleware-stack/-/middleware-stack-4.1.0.tgz"
  integrity sha512-91Fuw4IKp0eK8PNhMXrHRcYA1jvbZ9BJGT91wwPy3bTQT8mHTcQNius/EhSQTlT9QUI3Ki1wjHeNXbWK0tO8YQ==
  dependencies:
    "@smithy/types" "^4.4.0"
    tslib "^2.6.2"

"@smithy/node-config-provider@^4.1.4", "@smithy/node-config-provider@^4.2.0":
  version "4.2.0"
  resolved "https://registry.npmjs.org/@smithy/node-config-provider/-/node-config-provider-4.2.0.tgz"
  integrity sha512-8/fpilqKurQ+f8nFvoFkJ0lrymoMJ+5/CQV5IcTv/MyKhk2Q/EFYCAgTSWHD4nMi9ux9NyBBynkyE9SLg2uSLA==
  dependencies:
    "@smithy/property-provider" "^4.1.0"
    "@smithy/shared-ini-file-loader" "^4.1.0"
    "@smithy/types" "^4.4.0"
    tslib "^2.6.2"

"@smithy/node-http-handler@^4.1.1", "@smithy/node-http-handler@^4.2.0":
  version "4.2.0"
  resolved "https://registry.npmjs.org/@smithy/node-http-handler/-/node-http-handler-4.2.0.tgz"
  integrity sha512-G4NV70B4hF9vBrUkkvNfWO6+QR4jYjeO4tc+4XrKCb4nPYj49V9Hu8Ftio7Mb0/0IlFyEOORudHrm+isY29nCA==
  dependencies:
    "@smithy/abort-controller" "^4.1.0"
    "@smithy/protocol-http" "^5.2.0"
    "@smithy/querystring-builder" "^4.1.0"
    "@smithy/types" "^4.4.0"
    tslib "^2.6.2"

"@smithy/property-provider@^4.0.5", "@smithy/property-provider@^4.1.0":
  version "4.1.0"
  resolved "https://registry.npmjs.org/@smithy/property-provider/-/property-provider-4.1.0.tgz"
  integrity sha512-eksMjMHUlG5PwOUWO3k+rfLNOPVPJ70mUzyYNKb5lvyIuAwS4zpWGsxGiuT74DFWonW0xRNy+jgzGauUzX7SyA==
  dependencies:
    "@smithy/types" "^4.4.0"
    tslib "^2.6.2"

"@smithy/protocol-http@^5.1.3", "@smithy/protocol-http@^5.2.0":
  version "5.2.0"
  resolved "https://registry.npmjs.org/@smithy/protocol-http/-/protocol-http-5.2.0.tgz"
  integrity sha512-bwjlh5JwdOQnA01be+5UvHK4HQz4iaRKlVG46hHSJuqi0Ribt3K06Z1oQ29i35Np4G9MCDgkOGcHVyLMreMcbg==
  dependencies:
    "@smithy/types" "^4.4.0"
    tslib "^2.6.2"

"@smithy/querystring-builder@^4.1.0":
  version "4.1.0"
  resolved "https://registry.npmjs.org/@smithy/querystring-builder/-/querystring-builder-4.1.0.tgz"
  integrity sha512-JqTWmVIq4AF8R8OK/2cCCiQo5ZJ0SRPsDkDgLO5/3z8xxuUp1oMIBBjfuueEe+11hGTZ6rRebzYikpKc6yQV9Q==
  dependencies:
    "@smithy/types" "^4.4.0"
    "@smithy/util-uri-escape" "^4.1.0"
    tslib "^2.6.2"

"@smithy/querystring-parser@^4.1.0":
  version "4.1.0"
  resolved "https://registry.npmjs.org/@smithy/querystring-parser/-/querystring-parser-4.1.0.tgz"
  integrity sha512-VgdHhr8YTRsjOl4hnKFm7xEMOCRTnKw3FJ1nU+dlWNhdt/7eEtxtkdrJdx7PlRTabdANTmvyjE4umUl9cK4awg==
  dependencies:
    "@smithy/types" "^4.4.0"
    tslib "^2.6.2"

"@smithy/service-error-classification@^4.1.0":
  version "4.1.0"
  resolved "https://registry.npmjs.org/@smithy/service-error-classification/-/service-error-classification-4.1.0.tgz"
  integrity sha512-UBpNFzBNmS20jJomuYn++Y+soF8rOK9AvIGjS9yGP6uRXF5rP18h4FDUsoNpWTlSsmiJ87e2DpZo9ywzSMH7PQ==
  dependencies:
    "@smithy/types" "^4.4.0"

"@smithy/shared-ini-file-loader@^4.0.5", "@smithy/shared-ini-file-loader@^4.1.0":
  version "4.1.0"
  resolved "https://registry.npmjs.org/@smithy/shared-ini-file-loader/-/shared-ini-file-loader-4.1.0.tgz"
  integrity sha512-W0VMlz9yGdQ/0ZAgWICFjFHTVU0YSfGoCVpKaExRM/FDkTeP/yz8OKvjtGjs6oFokCRm0srgj/g4Cg0xuHu8Rw==
  dependencies:
    "@smithy/types" "^4.4.0"
    tslib "^2.6.2"

"@smithy/signature-v4@^5.1.3":
  version "5.2.0"
  resolved "https://registry.npmjs.org/@smithy/signature-v4/-/signature-v4-5.2.0.tgz"
  integrity sha512-ObX1ZqG2DdZQlXx9mLD7yAR8AGb7yXurGm+iWx9x4l1fBZ8CZN2BRT09aSbcXVPZXWGdn5VtMuupjxhOTI2EjA==
  dependencies:
    "@smithy/is-array-buffer" "^4.1.0"
    "@smithy/protocol-http" "^5.2.0"
    "@smithy/types" "^4.4.0"
    "@smithy/util-hex-encoding" "^4.1.0"
    "@smithy/util-middleware" "^4.1.0"
    "@smithy/util-uri-escape" "^4.1.0"
    "@smithy/util-utf8" "^4.1.0"
    tslib "^2.6.2"

"@smithy/smithy-client@^4.5.2", "@smithy/smithy-client@^4.6.0":
  version "4.6.0"
  resolved "https://registry.npmjs.org/@smithy/smithy-client/-/smithy-client-4.6.0.tgz"
  integrity sha512-TvlIshqx5PIi0I0AiR+PluCpJ8olVG++xbYkAIGCUkByaMUlfOXLgjQTmYbr46k4wuDe8eHiTIlUflnjK2drPQ==
  dependencies:
    "@smithy/core" "^3.10.0"
    "@smithy/middleware-endpoint" "^4.2.0"
    "@smithy/middleware-stack" "^4.1.0"
    "@smithy/protocol-http" "^5.2.0"
    "@smithy/types" "^4.4.0"
    "@smithy/util-stream" "^4.3.0"
    tslib "^2.6.2"

"@smithy/types@^4.3.2", "@smithy/types@^4.4.0":
  version "4.4.0"
  resolved "https://registry.npmjs.org/@smithy/types/-/types-4.4.0.tgz"
  integrity sha512-4jY91NgZz+ZnSFcVzWwngOW6VuK3gR/ihTwSU1R/0NENe9Jd8SfWgbhDCAGUWL3bI7DiDSW7XF6Ui6bBBjrqXw==
  dependencies:
    tslib "^2.6.2"

"@smithy/url-parser@^4.0.5", "@smithy/url-parser@^4.1.0":
  version "4.1.0"
  resolved "https://registry.npmjs.org/@smithy/url-parser/-/url-parser-4.1.0.tgz"
  integrity sha512-/LYEIOuO5B2u++tKr1NxNxhZTrr3A63jW8N73YTwVeUyAlbB/YM+hkftsvtKAcMt3ADYo0FsF1GY3anehffSVQ==
  dependencies:
    "@smithy/querystring-parser" "^4.1.0"
    "@smithy/types" "^4.4.0"
    tslib "^2.6.2"

"@smithy/util-base64@^4.0.0", "@smithy/util-base64@^4.1.0":
  version "4.1.0"
  resolved "https://registry.npmjs.org/@smithy/util-base64/-/util-base64-4.1.0.tgz"
  integrity sha512-RUGd4wNb8GeW7xk+AY5ghGnIwM96V0l2uzvs/uVHf+tIuVX2WSvynk5CxNoBCsM2rQRSZElAo9rt3G5mJ/gktQ==
  dependencies:
    "@smithy/util-buffer-from" "^4.1.0"
    "@smithy/util-utf8" "^4.1.0"
    tslib "^2.6.2"

"@smithy/util-body-length-browser@^4.0.0", "@smithy/util-body-length-browser@^4.1.0":
  version "4.1.0"
  resolved "https://registry.npmjs.org/@smithy/util-body-length-browser/-/util-body-length-browser-4.1.0.tgz"
  integrity sha512-V2E2Iez+bo6bUMOTENPr6eEmepdY8Hbs+Uc1vkDKgKNA/brTJqOW/ai3JO1BGj9GbCeLqw90pbbH7HFQyFotGQ==
  dependencies:
    tslib "^2.6.2"

"@smithy/util-body-length-node@^4.0.0":
  version "4.1.0"
  resolved "https://registry.npmjs.org/@smithy/util-body-length-node/-/util-body-length-node-4.1.0.tgz"
  integrity sha512-BOI5dYjheZdgR9XiEM3HJcEMCXSoqbzu7CzIgYrx0UtmvtC3tC2iDGpJLsSRFffUpy8ymsg2ARMP5fR8mtuUQQ==
  dependencies:
    tslib "^2.6.2"

"@smithy/util-buffer-from@^2.2.0":
  version "2.2.0"
  resolved "https://registry.npmjs.org/@smithy/util-buffer-from/-/util-buffer-from-2.2.0.tgz"
  integrity sha512-IJdWBbTcMQ6DA0gdNhh/BwrLkDR+ADW5Kr1aZmd4k3DIF6ezMV4R2NIAmT08wQJ3yUK82thHWmC/TnK/wpMMIA==
  dependencies:
    "@smithy/is-array-buffer" "^2.2.0"
    tslib "^2.6.2"

"@smithy/util-buffer-from@^4.1.0":
  version "4.1.0"
  resolved "https://registry.npmjs.org/@smithy/util-buffer-from/-/util-buffer-from-4.1.0.tgz"
  integrity sha512-N6yXcjfe/E+xKEccWEKzK6M+crMrlwaCepKja0pNnlSkm6SjAeLKKA++er5Ba0I17gvKfN/ThV+ZOx/CntKTVw==
  dependencies:
    "@smithy/is-array-buffer" "^4.1.0"
    tslib "^2.6.2"

"@smithy/util-config-provider@^4.0.0", "@smithy/util-config-provider@^4.1.0":
  version "4.1.0"
  resolved "https://registry.npmjs.org/@smithy/util-config-provider/-/util-config-provider-4.1.0.tgz"
  integrity sha512-swXz2vMjrP1ZusZWVTB/ai5gK+J8U0BWvP10v9fpcFvg+Xi/87LHvHfst2IgCs1i0v4qFZfGwCmeD/KNCdJZbQ==
  dependencies:
    tslib "^2.6.2"

"@smithy/util-defaults-mode-browser@^4.0.29":
  version "4.1.0"
  resolved "https://registry.npmjs.org/@smithy/util-defaults-mode-browser/-/util-defaults-mode-browser-4.1.0.tgz"
  integrity sha512-D27cLtJtC4EEeERJXS+JPoogz2tE5zeE3zhWSSu6ER5/wJ5gihUxIzoarDX6K1U27IFTHit5YfHqU4Y9RSGE0w==
  dependencies:
    "@smithy/property-provider" "^4.1.0"
    "@smithy/smithy-client" "^4.6.0"
    "@smithy/types" "^4.4.0"
    bowser "^2.11.0"
    tslib "^2.6.2"

"@smithy/util-defaults-mode-node@^4.0.29":
  version "4.1.0"
  resolved "https://registry.npmjs.org/@smithy/util-defaults-mode-node/-/util-defaults-mode-node-4.1.0.tgz"
  integrity sha512-gnZo3u5dP1o87plKupg39alsbeIY1oFFnCyV2nI/++pL19vTtBLgOyftLEjPjuXmoKn2B2rskX8b7wtC/+3Okg==
  dependencies:
    "@smithy/config-resolver" "^4.2.0"
    "@smithy/credential-provider-imds" "^4.1.0"
    "@smithy/node-config-provider" "^4.2.0"
    "@smithy/property-provider" "^4.1.0"
    "@smithy/smithy-client" "^4.6.0"
    "@smithy/types" "^4.4.0"
    tslib "^2.6.2"

"@smithy/util-endpoints@^3.0.7":
  version "3.1.0"
  resolved "https://registry.npmjs.org/@smithy/util-endpoints/-/util-endpoints-3.1.0.tgz"
  integrity sha512-5LFg48KkunBVGrNs3dnQgLlMXJLVo7k9sdZV5su3rjO3c3DmQ2LwUZI0Zr49p89JWK6sB7KmzyI2fVcDsZkwuw==
  dependencies:
    "@smithy/node-config-provider" "^4.2.0"
    "@smithy/types" "^4.4.0"
    tslib "^2.6.2"

"@smithy/util-hex-encoding@^4.1.0":
  version "4.1.0"
  resolved "https://registry.npmjs.org/@smithy/util-hex-encoding/-/util-hex-encoding-4.1.0.tgz"
  integrity sha512-1LcueNN5GYC4tr8mo14yVYbh/Ur8jHhWOxniZXii+1+ePiIbsLZ5fEI0QQGtbRRP5mOhmooos+rLmVASGGoq5w==
  dependencies:
    tslib "^2.6.2"

"@smithy/util-middleware@^4.0.5", "@smithy/util-middleware@^4.1.0":
  version "4.1.0"
  resolved "https://registry.npmjs.org/@smithy/util-middleware/-/util-middleware-4.1.0.tgz"
  integrity sha512-612onNcKyxhP7/YOTKFTb2F6sPYtMRddlT5mZvYf1zduzaGzkYhpYIPxIeeEwBZFjnvEqe53Ijl2cYEfJ9d6/Q==
  dependencies:
    "@smithy/types" "^4.4.0"
    tslib "^2.6.2"

"@smithy/util-retry@^4.0.7", "@smithy/util-retry@^4.1.0":
  version "4.1.0"
  resolved "https://registry.npmjs.org/@smithy/util-retry/-/util-retry-4.1.0.tgz"
  integrity sha512-5AGoBHb207xAKSVwaUnaER+L55WFY8o2RhlafELZR3mB0J91fpL+Qn+zgRkPzns3kccGaF2vy0HmNVBMWmN6dA==
  dependencies:
    "@smithy/service-error-classification" "^4.1.0"
    "@smithy/types" "^4.4.0"
    tslib "^2.6.2"

"@smithy/util-stream@^4.2.4", "@smithy/util-stream@^4.3.0":
  version "4.3.0"
  resolved "https://registry.npmjs.org/@smithy/util-stream/-/util-stream-4.3.0.tgz"
  integrity sha512-ZOYS94jksDwvsCJtppHprUhsIscRnCKGr6FXCo3SxgQ31ECbza3wqDBqSy6IsAak+h/oAXb1+UYEBmDdseAjUQ==
  dependencies:
    "@smithy/fetch-http-handler" "^5.2.0"
    "@smithy/node-http-handler" "^4.2.0"
    "@smithy/types" "^4.4.0"
    "@smithy/util-base64" "^4.1.0"
    "@smithy/util-buffer-from" "^4.1.0"
    "@smithy/util-hex-encoding" "^4.1.0"
    "@smithy/util-utf8" "^4.1.0"
    tslib "^2.6.2"

"@smithy/util-uri-escape@^4.1.0":
  version "4.1.0"
  resolved "https://registry.npmjs.org/@smithy/util-uri-escape/-/util-uri-escape-4.1.0.tgz"
  integrity sha512-b0EFQkq35K5NHUYxU72JuoheM6+pytEVUGlTwiFxWFpmddA+Bpz3LgsPRIpBk8lnPE47yT7AF2Egc3jVnKLuPg==
  dependencies:
    tslib "^2.6.2"

"@smithy/util-utf8@^2.0.0":
  version "2.3.0"
  resolved "https://registry.npmjs.org/@smithy/util-utf8/-/util-utf8-2.3.0.tgz"
  integrity sha512-R8Rdn8Hy72KKcebgLiv8jQcQkXoLMOGGv5uI1/k0l+snqkOzQ1R0ChUBCxWMlBsFMekWjq0wRudIweFs7sKT5A==
  dependencies:
    "@smithy/util-buffer-from" "^2.2.0"
    tslib "^2.6.2"

"@smithy/util-utf8@^4.0.0", "@smithy/util-utf8@^4.1.0":
  version "4.1.0"
  resolved "https://registry.npmjs.org/@smithy/util-utf8/-/util-utf8-4.1.0.tgz"
  integrity sha512-mEu1/UIXAdNYuBcyEPbjScKi/+MQVXNIuY/7Cm5XLIWe319kDrT5SizBE95jqtmEXoDbGoZxKLCMttdZdqTZKQ==
  dependencies:
    "@smithy/util-buffer-from" "^4.1.0"
    tslib "^2.6.2"

"@types/bcryptjs@^2.4.6":
  version "2.4.6"
  resolved "https://registry.npmjs.org/@types/bcryptjs/-/bcryptjs-2.4.6.tgz"
  integrity sha512-9xlo6R2qDs5uixm0bcIqCeMCE6HiQsIyel9KQySStiyqNl2tnj2mP3DX1Nf56MD6KMenNNlBBsy3LJ7gUEQPXQ==

"@types/jsonwebtoken@^9.0.10":
  version "9.0.10"
  resolved "https://registry.npmjs.org/@types/jsonwebtoken/-/jsonwebtoken-9.0.10.tgz"
  integrity sha512-asx5hIG9Qmf/1oStypjanR7iKTv0gXQ1Ov/jfrX6kS/EO0OFni8orbmGCn0672NHR3kXHwpAwR+B368ZGN/2rA==
  dependencies:
    "@types/ms" "*"
    "@types/node" "*"

"@types/ms@*":
  version "2.1.0"
  resolved "https://registry.npmjs.org/@types/ms/-/ms-2.1.0.tgz"
  integrity sha512-GsCCIZDE/p3i96vtEqx+7dBUGXrc7zeSK3wwPHIaRThS+9OhWIXRqzs4d6k1SVU8g91DrNRWxWUGhp5KXQb2VA==

"@types/node@*":
  version "24.3.1"
  resolved "https://registry.npmjs.org/@types/node/-/node-24.3.1.tgz"
  integrity sha512-3vXmQDXy+woz+gnrTvuvNrPzekOi+Ds0ReMxw0LzBiK3a+1k0kQn9f2NWk+lgD4rJehFUmYy2gMhJ2ZI+7YP9g==
  dependencies:
    undici-types "~7.10.0"

"@types/nodemailer@^7.0.1":
  version "7.0.1"
  resolved "https://registry.npmjs.org/@types/nodemailer/-/nodemailer-7.0.1.tgz"
  integrity sha512-UfHAghPmGZVzaL8x9y+mKZMWyHC399+iq0MOmya5tIyenWX3lcdSb60vOmp0DocR6gCDTYTozv/ULQnREyyjkg==
  dependencies:
    "@aws-sdk/client-sesv2" "^3.839.0"
    "@types/node" "*"

"@types/uuid@^10.0.0":
  version "10.0.0"
  resolved "https://registry.npmjs.org/@types/uuid/-/uuid-10.0.0.tgz"
  integrity sha512-7gqG38EyHgyP1S+7+xomFtL+ZNHcKv6DwNaCZmJmo1vgMugyF3TCnXVg4t1uk89mLNwnLtnY3TpOpCOyp1/xHQ==

"@types/uuid@^9.0.1":
  version "9.0.8"
  resolved "https://registry.npmjs.org/@types/uuid/-/uuid-9.0.8.tgz"
  integrity sha512-jg+97EGIcY9AGHJJRaaPVgetKDsrTgbRjQ5Msgjh/DQKEFl0DtyRr/VCOyD1T2R1MNeWPK/u7JoGhlDZnKBAfA==

atomic-sleep@^1.0.0:
  version "1.0.0"
  resolved "https://registry.npmjs.org/atomic-sleep/-/atomic-sleep-1.0.0.tgz"
  integrity sha512-kNOjDqAh7px0XWNI+4QbzoiR/nTkHAWNud2uvnJquD1/x5a7EQZMJT0AczqK0Qn67oY/TTQ1LbUKajZpp3I9tQ==

bcryptjs@^3.0.2:
  version "3.0.2"
  resolved "https://registry.yarnpkg.com/bcryptjs/-/bcryptjs-3.0.2.tgz#caadcca1afefe372ed6e20f86db8e8546361c1ca"
  integrity sha512-k38b3XOZKv60C4E2hVsXTolJWfkGRMbILBIe2IBITXciy5bOsTKot5kDrf3ZfufQtQOUN5mXceUEpU1rTl9Uog==

bowser@^2.11.0:
  version "2.12.1"
  resolved "https://registry.npmjs.org/bowser/-/bowser-2.12.1.tgz"
  integrity sha512-z4rE2Gxh7tvshQ4hluIT7XcFrgLIQaw9X3A+kTTRdovCz5PMukm/0QC/BKSYPj3omF5Qfypn9O/c5kgpmvYUCw==

buffer-equal-constant-time@^1.0.1:
  version "1.0.1"
  resolved "https://registry.npmjs.org/buffer-equal-constant-time/-/buffer-equal-constant-time-1.0.1.tgz"
  integrity sha512-zRpUiDwd/xk6ADqPMATG8vc9VPrkck7T07OIx0gnjmJAnHnTVXNQG3vfvWNuiZIkwu9KrKdA1iJKfsfTVxE6NA==

ecdsa-sig-formatter@1.0.11:
  version "1.0.11"
  resolved "https://registry.npmjs.org/ecdsa-sig-formatter/-/ecdsa-sig-formatter-1.0.11.tgz"
  integrity sha512-nagl3RYrbNv6kQkeJIpt6NJZy8twLB/2vtz6yN9Z4vRKHN4/QZJIEbqohALSgwKdnksuY3k5Addp5lg8sVoVcQ==
  dependencies:
    safe-buffer "^5.0.1"

fast-redact@^3.1.1:
  version "3.5.0"
  resolved "https://registry.npmjs.org/fast-redact/-/fast-redact-3.5.0.tgz"
  integrity sha512-dwsoQlS7h9hMeYUq1W++23NDcBLV4KqONnITDV9DjfS3q1SgDGVrBdvvTLUotWtPSD7asWDV9/CmsZPy8Hf70A==

fast-xml-parser@5.2.5:
  version "5.2.5"
  resolved "https://registry.npmjs.org/fast-xml-parser/-/fast-xml-parser-5.2.5.tgz"
  integrity sha512-pfX9uG9Ki0yekDHx2SiuRIyFdyAr1kMIMitPvb0YBo8SUfKvia7w7FIyd/l6av85pFYRhZscS75MwMnbvY+hcQ==
  dependencies:
    strnum "^2.1.0"

jsonwebtoken@^9.0.2:
  version "9.0.2"
  resolved "https://registry.yarnpkg.com/jsonwebtoken/-/jsonwebtoken-9.0.2.tgz#65ff91f4abef1784697d40952bb1998c504caaf3"
  integrity sha512-PRp66vJ865SSqOlgqS8hujT5U4AOgMfhrwYIuIhfKaoSCZcirrmASQr8CX7cUg+RMih+hgznrjp99o+W4pJLHQ==
  dependencies:
    jws "^3.2.2"
    lodash.includes "^4.3.0"
    lodash.isboolean "^3.0.3"
    lodash.isinteger "^4.0.4"
    lodash.isnumber "^3.0.3"
    lodash.isplainobject "^4.0.6"
    lodash.isstring "^4.0.1"
    lodash.once "^4.0.0"
    ms "^2.1.1"
    semver "^7.5.4"

jwa@^1.4.1:
  version "1.4.2"
  resolved "https://registry.npmjs.org/jwa/-/jwa-1.4.2.tgz"
  integrity sha512-eeH5JO+21J78qMvTIDdBXidBd6nG2kZjg5Ohz/1fpa28Z4CcsWUzJ1ZZyFq/3z3N17aZy+ZuBoHljASbL1WfOw==
  dependencies:
    buffer-equal-constant-time "^1.0.1"
    ecdsa-sig-formatter "1.0.11"
    safe-buffer "^5.0.1"

jws@^3.2.2:
  version "3.2.2"
  resolved "https://registry.npmjs.org/jws/-/jws-3.2.2.tgz"
  integrity sha512-YHlZCB6lMTllWDtSPHz/ZXTsi8S00usEV6v1tjq8tOUZzw7DpSDWVXjXDre6ed1w/pd495ODpHZYSdkRTsa0HA==
  dependencies:
    jwa "^1.4.1"
    safe-buffer "^5.0.1"

lodash.includes@^4.3.0:
  version "4.3.0"
  resolved "https://registry.npmjs.org/lodash.includes/-/lodash.includes-4.3.0.tgz"
  integrity sha512-W3Bx6mdkRTGtlJISOvVD/lbqjTlPPUDTMnlXZFnVwi9NKJ6tiAk6LVdlhZMm17VZisqhKcgzpO5Wz91PCt5b0w==

lodash.isboolean@^3.0.3:
  version "3.0.3"
  resolved "https://registry.npmjs.org/lodash.isboolean/-/lodash.isboolean-3.0.3.tgz"
  integrity sha512-Bz5mupy2SVbPHURB98VAcw+aHh4vRV5IPNhILUCsOzRmsTmSQ17jIuqopAentWoehktxGd9e/hbIXq980/1QJg==

lodash.isinteger@^4.0.4:
  version "4.0.4"
  resolved "https://registry.npmjs.org/lodash.isinteger/-/lodash.isinteger-4.0.4.tgz"
  integrity sha512-DBwtEWN2caHQ9/imiNeEA5ys1JoRtRfY3d7V9wkqtbycnAmTvRRmbHKDV4a0EYc678/dia0jrte4tjYwVBaZUA==

lodash.isnumber@^3.0.3:
  version "3.0.3"
  resolved "https://registry.npmjs.org/lodash.isnumber/-/lodash.isnumber-3.0.3.tgz"
  integrity sha512-QYqzpfwO3/CWf3XP+Z+tkQsfaLL/EnUlXWVkIk5FUPc4sBdTehEqZONuyRt2P67PXAk+NXmTBcc97zw9t1FQrw==

lodash.isplainobject@^4.0.6:
  version "4.0.6"
  resolved "https://registry.npmjs.org/lodash.isplainobject/-/lodash.isplainobject-4.0.6.tgz"
  integrity sha512-oSXzaWypCMHkPC3NvBEaPHf0KsA5mvPrOPgQWDsbg8n7orZ290M0BmC/jgRZ4vcJ6DTAhjrsSYgdsW/F+MFOBA==

lodash.isstring@^4.0.1:
  version "4.0.1"
  resolved "https://registry.npmjs.org/lodash.isstring/-/lodash.isstring-4.0.1.tgz"
  integrity sha512-0wJxfxH1wgO3GrbuP+dTTk7op+6L41QCXbGINEmD+ny/G/eCqGzxyCsh7159S+mgDDcoarnBw6PC1PS5+wUGgw==

lodash.once@^4.0.0:
  version "4.1.1"
  resolved "https://registry.npmjs.org/lodash.once/-/lodash.once-4.1.1.tgz"
  integrity sha512-Sb487aTOCr9drQVL8pIxOzVhafOjZN9UU54hiN8PU3uAiSV7lx1yYNpbNmex2PK6dSJoNTSJUUswT651yww3Mg==

ms@^2.1.1:
  version "2.1.3"
  resolved "https://registry.npmjs.org/ms/-/ms-2.1.3.tgz"
  integrity sha512-6FlzubTLZG3J2a/NVCAleEhjzq5oxgHyaCU9yYXvcLsvoVaHJq/s5xXI6/XXP6tz7R9xAOtHnSO/tXtF3WRTlA==

nodemailer@^7.0.6:
  version "7.0.6"
  resolved "https://registry.yarnpkg.com/nodemailer/-/nodemailer-7.0.6.tgz#e850630242e28c64fd666c7f6ca8382baf5a5661"
  integrity sha512-F44uVzgwo49xboqbFgBGkRaiMgtoBrBEWCVincJPK9+S9Adkzt/wXCLKbf7dxucmxfTI5gHGB+bEmdyzN6QKjw==

on-exit-leak-free@^2.1.0:
  version "2.1.2"
  resolved "https://registry.npmjs.org/on-exit-leak-free/-/on-exit-leak-free-2.1.2.tgz"
  integrity sha512-0eJJY6hXLGf1udHwfNftBqH+g73EU4B504nZeKpz1sYRKafAghwxEJunB2O7rDZkL4PGfsMVnTXZ2EjibbqcsA==

pino-abstract-transport@^2.0.0:
  version "2.0.0"
  resolved "https://registry.npmjs.org/pino-abstract-transport/-/pino-abstract-transport-2.0.0.tgz"
  integrity sha512-F63x5tizV6WCh4R6RHyi2Ml+M70DNRXt/+HANowMflpgGFMAym/VKm6G7ZOQRjqN7XbGxK1Lg9t6ZrtzOaivMw==
  dependencies:
    split2 "^4.0.0"

pino-std-serializers@^7.0.0:
  version "7.0.0"
  resolved "https://registry.npmjs.org/pino-std-serializers/-/pino-std-serializers-7.0.0.tgz"
  integrity sha512-e906FRY0+tV27iq4juKzSYPbUj2do2X2JX4EzSca1631EB2QJQUqGbDuERal7LCtOpxl6x3+nvo9NPZcmjkiFA==

pino@^9.9.2:
  version "9.9.2"
  resolved "https://registry.npmjs.org/pino/-/pino-9.9.2.tgz"
  integrity sha512-nepuunEhXfRllKa5w9PsNLjWayPsfO3jc6odPuoRaaJ/rb/YEvqhazOBZFzK0gmaHIFCMggvDSqnIcH8dfcGTA==
  dependencies:
    atomic-sleep "^1.0.0"
    fast-redact "^3.1.1"
    on-exit-leak-free "^2.1.0"
    pino-abstract-transport "^2.0.0"
    pino-std-serializers "^7.0.0"
    process-warning "^5.0.0"
    quick-format-unescaped "^4.0.3"
    real-require "^0.2.0"
    safe-stable-stringify "^2.3.1"
    sonic-boom "^4.0.1"
    thread-stream "^3.0.0"

process-warning@^5.0.0:
  version "5.0.0"
  resolved "https://registry.npmjs.org/process-warning/-/process-warning-5.0.0.tgz"
  integrity sha512-a39t9ApHNx2L4+HBnQKqxxHNs1r7KF+Intd8Q/g1bUh6q0WIp9voPXJ/x0j+ZL45KF1pJd9+q2jLIRMfvEshkA==

quick-format-unescaped@^4.0.3:
  version "4.0.4"
  resolved "https://registry.npmjs.org/quick-format-unescaped/-/quick-format-unescaped-4.0.4.tgz"
  integrity sha512-tYC1Q1hgyRuHgloV/YXs2w15unPVh8qfu/qCTfhTYamaw7fyhumKa2yGpdSo87vY32rIclj+4fWYQXUMs9EHvg==

real-require@^0.2.0:
  version "0.2.0"
  resolved "https://registry.npmjs.org/real-require/-/real-require-0.2.0.tgz"
  integrity sha512-57frrGM/OCTLqLOAh0mhVA9VBMHd+9U7Zb2THMGdBUoZVOtGbJzjxsYGDJ3A9AYYCP4hn6y1TVbaOfzWtm5GFg==

safe-buffer@^5.0.1:
  version "5.2.1"
  resolved "https://registry.npmjs.org/safe-buffer/-/safe-buffer-5.2.1.tgz"
  integrity sha512-rp3So07KcdmmKbGvgaNxQSJr7bGVSVk5S9Eq1F+ppbRo70+YeaDxkw5Dd8NPN+GD6bjnYm2VuPuCXmpuYvmCXQ==

safe-stable-stringify@^2.3.1:
  version "2.5.0"
  resolved "https://registry.npmjs.org/safe-stable-stringify/-/safe-stable-stringify-2.5.0.tgz"
  integrity sha512-b3rppTKm9T+PsVCBEOUR46GWI7fdOs00VKZ1+9c1EWDaDMvjQc6tUwuFyIprgGgTcWoVHSKrU8H31ZHA2e0RHA==

semver@^7.5.4:
  version "7.7.2"
  resolved "https://registry.npmjs.org/semver/-/semver-7.7.2.tgz"
  integrity sha512-RF0Fw+rO5AMf9MAyaRXI4AV0Ulj5lMHqVxxdSgiVbixSCXoEmmX/jk0CuJw4+3SqroYO9VoUh+HcuJivvtJemA==

sonic-boom@^4.0.1:
  version "4.2.0"
  resolved "https://registry.npmjs.org/sonic-boom/-/sonic-boom-4.2.0.tgz"
  integrity sha512-INb7TM37/mAcsGmc9hyyI6+QR3rR1zVRu36B0NeGXKnOOLiZOfER5SA+N7X7k3yUYRzLWafduTDvJAfDswwEww==
  dependencies:
    atomic-sleep "^1.0.0"

split2@^4.0.0:
  version "4.2.0"
  resolved "https://registry.npmjs.org/split2/-/split2-4.2.0.tgz"
  integrity sha512-UcjcJOWknrNkF6PLX83qcHM6KHgVKNkV62Y8a5uYDVv9ydGQVwAHMKqHdJje1VTWpljG0WYpCDhrCdAOYH4TWg==

strnum@^2.1.0:
  version "2.1.1"
  resolved "https://registry.npmjs.org/strnum/-/strnum-2.1.1.tgz"
  integrity sha512-7ZvoFTiCnGxBtDqJ//Cu6fWtZtc7Y3x+QOirG15wztbdngGSkht27o2pyGWrVy0b4WAy3jbKmnoK6g5VlVNUUw==

thread-stream@^3.0.0:
  version "3.1.0"
  resolved "https://registry.npmjs.org/thread-stream/-/thread-stream-3.1.0.tgz"
  integrity sha512-OqyPZ9u96VohAyMfJykzmivOrY2wfMSf3C5TtFJVgN+Hm6aj+voFhlK+kZEIv2FBh1X6Xp3DlnCOfEQ3B2J86A==
  dependencies:
    real-require "^0.2.0"

tslib@^2.6.2:
  version "2.8.1"
  resolved "https://registry.npmjs.org/tslib/-/tslib-2.8.1.tgz"
  integrity sha512-oJFu94HQb+KVduSUQL7wnpmqnfmLsOA/nAh6b6EH0wCEoK0/mPeXU6c3wKDV83MkOuHPRHtSXKKU99IBazS/2w==

undici-types@~7.10.0:
  version "7.10.0"
  resolved "https://registry.npmjs.org/undici-types/-/undici-types-7.10.0.tgz"
  integrity sha512-t5Fy/nfn+14LuOc2KNYg75vZqClpAiqscVvMygNnlsHBFpSXdJaYtXMcdNLpl/Qvc3P2cB3s6lOV51nqsFq4ag==

uuid@^11.1.0:
  version "11.1.0"
  resolved "https://registry.yarnpkg.com/uuid/-/uuid-11.1.0.tgz#9549028be1753bb934fc96e2bca09bb4105ae912"
  integrity sha512-0/A9rDy9P7cJ+8w1c9WD9V//9Wj15Ce2MPz8Ri6032usz+NfePxx5AcN3bN+r6ZL6jEo066/yNYB3tn4pQEx+A==

uuid@^9.0.1:
  version "9.0.1"
  resolved "https://registry.npmjs.org/uuid/-/uuid-9.0.1.tgz"
  integrity sha512-b+1eJOlsR9K8HJpow9Ok3fiWOWSIcIzXodvv0rQjVoOVNpWMpxf1wZNpt4y9h10odCNrqnYp1OBzRktckBe3sA==
